
Microsoft Visual Studio Solution File, Format Version 12.00
# Visual Studio Version 17
VisualStudioVersion = 17.11.35222.181
MinimumVisualStudioVersion = 10.0.40219.1
Project("{FAE04EC0-301F-11D3-BF4B-00C04F79EFBC}") = "WinFormsApp3", "WinFormsApp3\WinFormsApp3.csproj", "{511963C3-22E1-445A-A2A3-021A2A6919A6}"
EndProject
Global
	GlobalSection(SolutionConfigurationPlatforms) = preSolution
		Debug|Any CPU = Debug|Any CPU
		Release|Any CPU = Release|Any CPU
	EndGlobalSection
	GlobalSection(ProjectConfigurationPlatforms) = postSolution
		{511963C3-22E1-445A-A2A3-021A2A6919A6}.Debug|Any CPU.ActiveCfg = Debug|Any CPU
		{511963C3-22E1-445A-A2A3-021A2A6919A6}.Debug|Any CPU.Build.0 = Debug|Any CPU
		{511963C3-22E1-445A-A2A3-021A2A6919A6}.Release|Any CPU.ActiveCfg = Release|Any CPU
		{511963C3-22E1-445A-A2A3-021A2A6919A6}.Release|Any CPU.Build.0 = Release|Any CPU
	EndGlobalSection
	GlobalSection(SolutionProperties) = preSolution
		HideSolutionNode = FALSE
	EndGlobalSection
	GlobalSection(ExtensibilityGlobals) = postSolution
		SolutionGuid = {8E60FDC2-29D3-4899-B96F-91583B87FC09}
	EndGlobalSection
EndGlobal
